
Microsoft Visual Studio Solution File, Format Version 12.00
# Visual Studio Version 17
VisualStudioVersion = 17.3.32811.315
MinimumVisualStudioVersion = 10.0.40219.1
Project("{FAE04EC0-301F-11D3-BF4B-00C04F79EFBC}") = "lista2pr2", "lista2pr2\lista2pr2.csproj", "{3FF9679A-FCC9-440B-956F-51027C365D61}"
EndProject
Global
	GlobalSection(SolutionConfigurationPlatforms) = preSolution
		Debug|Any CPU = Debug|Any CPU
		Release|Any CPU = Release|Any CPU
	EndGlobalSection
	GlobalSection(ProjectConfigurationPlatforms) = postSolution
		{3FF9679A-FCC9-440B-956F-51027C365D61}.Debug|Any CPU.ActiveCfg = Debug|Any CPU
		{3FF9679A-FCC9-440B-956F-51027C365D61}.Debug|Any CPU.Build.0 = Debug|Any CPU
		{3FF9679A-FCC9-440B-956F-51027C365D61}.Release|Any CPU.ActiveCfg = Release|Any CPU
		{3FF9679A-FCC9-440B-956F-51027C365D61}.Release|Any CPU.Build.0 = Release|Any CPU
	EndGlobalSection
	GlobalSection(SolutionProperties) = preSolution
		HideSolutionNode = FALSE
	EndGlobalSection
	GlobalSection(ExtensibilityGlobals) = postSolution
		SolutionGuid = {8B22F02E-4D1B-444F-857D-8781E70268B1}
	EndGlobalSection
EndGlobal
